// !$*UTF8*$!
{
	archiveVersion = 1;
	classes = {
	};
	objectVersion = 50;
	objects = {

/* Begin PBXBuildFile section */
		8C5A8C22249CC9AD0044E2CE /* DataModel.swift in Sources */ = {isa = PBXBuildFile; fileRef = 8C5A8C21249CC9AD0044E2CE /* DataModel.swift */; };
		8C87B687249ADC0F00BD41CE /* AppDelegate.swift in Sources */ = {isa = PBXBuildFile; fileRef = 8C87B686249ADC0F00BD41CE /* AppDelegate.swift */; };
		8C87B689249ADC0F00BD41CE /* SceneDelegate.swift in Sources */ = {isa = PBXBuildFile; fileRef = 8C87B688249ADC0F00BD41CE /* SceneDelegate.swift */; };
		8C87B68B249ADC0F00BD41CE /* ViewController.swift in Sources */ = {isa = PBXBuildFile; fileRef = 8C87B68A249ADC0F00BD41CE /* ViewController.swift */; };
		8C87B68E249ADC1000BD41CE /* Main.storyboard in Resources */ = {isa = PBXBuildFile; fileRef = 8C87B68C249ADC0F00BD41CE /* Main.storyboard */; };
		8C87B690249ADC1200BD41CE /* Assets.xcassets in Resources */ = {isa = PBXBuildFile; fileRef = 8C87B68F249ADC1200BD41CE /* Assets.xcassets */; };
		8C87B693249ADC1200BD41CE /* LaunchScreen.storyboard in Resources */ = {isa = PBXBuildFile; fileRef = 8C87B691249ADC1200BD41CE /* LaunchScreen.storyboard */; };
/* End PBXBuildFile section */

/* Begin PBXFileReference section */
		8C5A8C21249CC9AD0044E2CE /* DataModel.swift */ = {isa = PBXFileReference; lastKnownFileType = sourcecode.swift; path = DataModel.swift; sourceTree = "<group>"; };
		8C87B683249ADC0F00BD41CE /* UrlSession_Ex.app */ = {isa = PBXFileReference; explicitFileType = wrapper.application; includeInIndex = 0; path = UrlSession_Ex.app; sourceTree = BUILT_PRODUCTS_DIR; };
		8C87B686249ADC0F00BD41CE /* AppDelegate.swift */ = {isa = PBXFileReference; lastKnownFileType = sourcecode.swift; path = AppDelegate.swift; sourceTree = "<group>"; };
		8C87B688249ADC0F00BD41CE /* SceneDelegate.swift */ = {isa = PBXFileReference; lastKnownFileType = sourcecode.swift; path = SceneDelegate.swift; sourceTree = "<group>"; };
		8C87B68A249ADC0F00BD41CE /* ViewController.swift */ = {isa = PBXFileReference; lastKnownFileType = sourcecode.swift; path = ViewController.swift; sourceTree = "<group>"; };
		8C87B68D249ADC0F00BD41CE /* Base */ = {isa = PBXFileReference; lastKnownFileType = file.storyboard; name = Base; path = Base.lproj/Main.storyboard; sourceTree = "<group>"; };
		8C87B68F249ADC1200BD41CE /* Assets.xcassets */ = {isa = PBXFileReference; lastKnownFileType = folder.assetcatalog; path = Assets.xcassets; sourceTree = "<group>"; };
		8C87B692249ADC1200BD41CE /* Base */ = {isa = PBXFileReference; lastKnownFileType = file.storyboard; name = Base; path = Base.lproj/LaunchScreen.storyboard; sourceTree = "<group>"; };
		8C87B694249ADC1200BD41CE /* Info.plist */ = {isa = PBXFileReference; lastKnownFileType = text.plist.xml; path = Info.plist; sourceTree = "<group>"; };
/* End PBXFileReference section */

/* Begin PBXFrameworksBuildPhase section */
		8C87B680249ADC0F00BD41CE /* Frameworks */ = {
			isa = PBXFrameworksBuildPhase;
			buildActionMask = 2147483647;
			files = (
			);
			runOnlyForDeploymentPostprocessing = 0;
		};
/* End PBXFrameworksBuildPhase section */

/* Begin PBXGroup section */
		8C5A8C1F249CC98C0044E2CE /* Models */ = {
			isa = PBXGroup;
			children = (
				8C5A8C21249CC9AD0044E2CE /* DataModel.swift */,
			);
			path = Models;
			sourceTree = "<group>";
		};
		8C87B67A249ADC0F00BD41CE = {
			isa = PBXGroup;
			children = (
				8C87B685249ADC0F00BD41CE /* UrlSession_Ex */,
				8C87B684249ADC0F00BD41CE /* Products */,
			);
			sourceTree = "<group>";
		};
		8C87B684249ADC0F00BD41CE /* Products */ = {
			isa = PBXGroup;
			children = (
				8C87B683249ADC0F00BD41CE /* UrlSession_Ex.app */,
			);
			name = Products;
			sourceTree = "<group>";
		};
		8C87B685249ADC0F00BD41CE /* UrlSession_Ex */ = {
			isa = PBXGroup;
			children = (
				8C5A8C1F249CC98C0044E2CE /* Models */,
				8C87B686249ADC0F00BD41CE /* AppDelegate.swift */,
				8C87B688249ADC0F00BD41CE /* SceneDelegate.swift */,
				8C87B68A249ADC0F00BD41CE /* ViewController.swift */,
				8C87B68C249ADC0F00BD41CE /* Main.storyboard */,
				8C87B68F249ADC1200BD41CE /* Assets.xcassets */,
				8C87B691249ADC1200BD41CE /* LaunchScreen.storyboard */,
				8C87B694249ADC1200BD41CE /* Info.plist */,
			);
			path = UrlSession_Ex;
			sourceTree = "<group>";
		};
/* End PBXGroup section */

/* Begin PBXNativeTarget section */
		8C87B682249ADC0F00BD41CE /* UrlSession_Ex */ = {
			isa = PBXNativeTarget;
			buildConfigurationList = 8C87B697249ADC1200BD41CE /* Build configuration list for PBXNativeTarget "UrlSession_Ex" */;
			buildPhases = (
				8C87B67F249ADC0F00BD41CE /* Sources */,
				8C87B680249ADC0F00BD41CE /* Frameworks */,
				8C87B681249ADC0F00BD41CE /* Resources */,
			);
			buildRules = (
			);
			dependencies = (
			);
			name = UrlSession_Ex;
			productName = UrlSession_Ex;
			productReference = 8C87B683249ADC0F00BD41CE /* UrlSession_Ex.app */;
			productType = "com.apple.product-type.application";
		};
/* End PBXNativeTarget section */

/* Begin PBXProject section */
		8C87B67B249ADC0F00BD41CE /* Project object */ = {
			isa = PBXProject;
			attributes = {
				LastSwiftUpdateCheck = 1110;
				LastUpgradeCheck = 1110;
				ORGANIZATIONNAME = Karem;
				TargetAttributes = {
					8C87B682249ADC0F00BD41CE = {
						CreatedOnToolsVersion = 11.1;
					};
				};
			};
			buildConfigurationList = 8C87B67E249ADC0F00BD41CE /* Build configuration list for PBXProject "UrlSession_Ex" */;
			compatibilityVersion = "Xcode 9.3";
			developmentRegion = en;
			hasScannedForEncodings = 0;
			knownRegions = (
				en,
				Base,
			);
			mainGroup = 8C87B67A249ADC0F00BD41CE;
			productRefGroup = 8C87B684249ADC0F00BD41CE /* Products */;
			projectDirPath = "";
			projectRoot = "";
			targets = (
				8C87B682249ADC0F00BD41CE /* UrlSession_Ex */,
			);
		};
/* End PBXProject section */

/* Begin PBXResourcesBuildPhase section */
		8C87B681249ADC0F00BD41CE /* Resources */ = {
			isa = PBXResourcesBuildPhase;
			buildActionMask = 2147483647;
			files = (
				8C87B693249ADC1200BD41CE /* LaunchScreen.storyboard in Resources */,
				8C87B690249ADC1200BD41CE /* Assets.xcassets in Resources */,
				8C87B68E249ADC1000BD41CE /* Main.storyboard in Resources */,
			);
			runOnlyForDeploymentPostprocessing = 0;
		};
/* End PBXResourcesBuildPhase section */

/* Begin PBXSourcesBuildPhase section */
		8C87B67F249ADC0F00BD41CE /* Sources */ = {
			isa = PBXSourcesBuildPhase;
			buildActionMask = 2147483647;
			files = (
				8C87B68B249ADC0F00BD41CE /* ViewController.swift in Sources */,
				8C87B687249ADC0F00BD41CE /* AppDelegate.swift in Sources */,
				8C87B689249ADC0F00BD41CE /* SceneDelegate.swift in Sources */,
				8C5A8C22249CC9AD0044E2CE /* DataModel.swift in Sources */,
			);
			runOnlyForDeploymentPostprocessing = 0;
		};
/* End PBXSourcesBuildPhase section */

/* Begin PBXVariantGroup section */
		8C87B68C249ADC0F00BD41CE /* Main.storyboard */ = {
			isa = PBXVariantGroup;
			children = (
				8C87B68D249ADC0F00BD41CE /* Base */,
			);
			name = Main.storyboard;
			sourceTree = "<group>";
		};
		8C87B691249ADC1200BD41CE /* LaunchScreen.storyboard */ = {
			isa = PBXVariantGroup;
			children = (
				8C87B692249ADC1200BD41CE /* Base */,
			);
			name = LaunchScreen.storyboard;
			sourceTree = "<group>";
		};
/* End PBXVariantGroup section */

/* Begin XCBuildConfiguration section */
		8C87B695249ADC1200BD41CE /* Debug */ = {
			isa = XCBuildConfiguration;
			buildSettings = {
				ALWAYS_SEARCH_USER_PATHS = NO;
				CLANG_ANALYZER_NONNULL = YES;
				CLANG_ANALYZER_NUMBER_OBJECT_CONVERSION = YES_AGGRESSIVE;
				CLANG_CXX_LANGUAGE_STANDARD = "gnu++14";
				CLANG_CXX_LIBRARY = "libc++";
				CLANG_ENABLE_MODULES = YES;
				CLANG_ENABLE_OBJC_ARC = YES;
				CLANG_ENABLE_OBJC_WEAK = YES;
				CLANG_WARN_BLOCK_CAPTURE_AUTORELEASING = YES;
				CLANG_WARN_BOOL_CONVERSION = YES;
				CLANG_WARN_COMMA = YES;
				CLANG_WARN_CONSTANT_CONVERSION = YES;
				CLANG_WARN_DEPRECATED_OBJC_IMPLEMENTATIONS = YES;
				CLANG_WARN_DIRECT_OBJC_ISA_USAGE = YES_ERROR;
				CLANG_WARN_DOCUMENTATION_COMMENTS = YES;
				CLANG_WARN_EMPTY_BODY = YES;
				CLANG_WARN_ENUM_CONVERSION = YES;
				CLANG_WARN_INFINITE_RECURSION = YES;
				CLANG_WARN_INT_CONVERSION = YES;
				CLANG_WARN_NON_LITERAL_NULL_CONVERSION = YES;
				CLANG_WARN_OBJC_IMPLICIT_RETAIN_SELF = YES;
				CLANG_WARN_OBJC_LITERAL_CONVERSION = YES;
				CLANG_WARN_OBJC_ROOT_CLASS = YES_ERROR;
				CLANG_WARN_RANGE_LOOP_ANALYSIS = YES;
				CLANG_WARN_STRICT_PROTOTYPES = YES;
				CLANG_WARN_SUSPICIOUS_MOVE = YES;
				CLANG_WARN_UNGUARDED_AVAILABILITY = YES_AGGRESSIVE;
				CLANG_WARN_UNREACHABLE_CODE = YES;
				CLANG_WARN__DUPLICATE_METHOD_MATCH = YES;
				COPY_PHASE_STRIP = NO;
				DEBUG_INFORMATION_FORMAT = dwarf;
				ENABLE_STRICT_OBJC_MSGSEND = YES;
				ENABLE_TESTABILITY = YES;
				GCC_C_LANGUAGE_STANDARD = gnu11;
				GCC_DYNAMIC_NO_PIC = NO;
				GCC_NO_COMMON_BLOCKS = YES;
				GCC_OPTIMIZATION_LEVEL = 0;
				GCC_PREPROCESSOR_DEFINITIONS = (
					"DEBUG=1",
					"$(inherited)",
				);
				GCC_WARN_64_TO_32_BIT_CONVERSION = YES;
				GCC_WARN_ABOUT_RETURN_TYPE = YES_ERROR;
				GCC_WARN_UNDECLARED_SELECTOR = YES;
				GCC_WARN_UNINITIALIZED_AUTOS = YES_AGGRESSIVE;
				GCC_WARN_UNUSED_FUNCTION = YES;
				GCC_WARN_UNUSED_VARIABLE = YES;
				IPHONEOS_DEPLOYMENT_TARGET = 13.1;
				MTL_ENABLE_DEBUG_INFO = INCLUDE_SOURCE;
				MTL_FAST_MATH = YES;
				ONLY_ACTIVE_ARCH = YES;
				SDKROOT = iphoneos;
				SWIFT_ACTIVE_COMPILATION_CONDITIONS = DEBUG;
				SWIFT_OPTIMIZATION_LEVEL = "-Onone";
			};
			name = Debug;
		};
		8C87B696249ADC1200BD41CE /* Release */ = {
			isa = XCBuildConfiguration;
			buildSettings = {
				ALWAYS_SEARCH_USER_PATHS = NO;
				CLANG_ANALYZER_NONNULL = YES;
				CLANG_ANALYZER_NUMBER_OBJECT_CONVERSION = YES_AGGRESSIVE;
				CLANG_CXX_LANGUAGE_STANDARD = "gnu++14";
				CLANG_CXX_LIBRARY = "libc++";
				CLANG_ENABLE_MODULES = YES;
				CLANG_ENABLE_OBJC_ARC = YES;
				CLANG_ENABLE_OBJC_WEAK = YES;
				CLANG_WARN_BLOCK_CAPTURE_AUTORELEASING = YES;
				CLANG_WARN_BOOL_CONVERSION = YES;
				CLANG_WARN_COMMA = YES;
				CLANG_WARN_CONSTANT_CONVERSION = YES;
				CLANG_WARN_DEPRECATED_OBJC_IMPLEMENTATIONS = YES;
				CLANG_WARN_DIRECT_OBJC_ISA_USAGE = YES_ERROR;
				CLANG_WARN_DOCUMENTATION_COMMENTS = YES;
				CLANG_WARN_EMPTY_BODY = YES;
				CLANG_WARN_ENUM_CONVERSION = YES;
				CLANG_WARN_INFINITE_RECURSION = YES;
				CLANG_WARN_INT_CONVERSION = YES;
				CLANG_WARN_NON_LITERAL_NULL_CONVERSION = YES;
				CLANG_WARN_OBJC_IMPLICIT_RETAIN_SELF = YES;
				CLANG_WARN_OBJC_LITERAL_CONVERSION = YES;
				CLANG_WARN_OBJC_ROOT_CLASS = YES_ERROR;
				CLANG_WARN_RANGE_LOOP_ANALYSIS = YES;
				CLANG_WARN_STRICT_PROTOTYPES = YES;
				CLANG_WARN_SUSPICIOUS_MOVE = YES;
				CLANG_WARN_UNGUARDED_AVAILABILITY = YES_AGGRESSIVE;
				CLANG_WARN_UNREACHABLE_CODE = YES;
				CLANG_WARN__DUPLICATE_METHOD_MATCH = YES;
				COPY_PHASE_STRIP = NO;
				DEBUG_INFORMATION_FORMAT = "dwarf-with-dsym";
				ENABLE_NS_ASSERTIONS = NO;
				ENABLE_STRICT_OBJC_MSGSEND = YES;
				GCC_C_LANGUAGE_STANDARD = gnu11;
				GCC_NO_COMMON_BLOCKS = YES;
				GCC_WARN_64_TO_32_BIT_CONVERSION = YES;
				GCC_WARN_ABOUT_RETURN_TYPE = YES_ERROR;
				GCC_WARN_UNDECLARED_SELECTOR = YES;
				GCC_WARN_UNINITIALIZED_AUTOS = YES_AGGRESSIVE;
				GCC_WARN_UNUSED_FUNCTION = YES;
				GCC_WARN_UNUSED_VARIABLE = YES;
				IPHONEOS_DEPLOYMENT_TARGET = 13.1;
				MTL_ENABLE_DEBUG_INFO = NO;
				MTL_FAST_MATH = YES;
				SDKROOT = iphoneos;
				SWIFT_COMPILATION_MODE = wholemodule;
				SWIFT_OPTIMIZATION_LEVEL = "-O";
				VALIDATE_PRODUCT = YES;
			};
			name = Release;
		};
		8C87B698249ADC1200BD41CE /* Debug */ = {
			isa = XCBuildConfiguration;
			buildSettings = {
				ASSETCATALOG_COMPILER_APPICON_NAME = AppIcon;
				CODE_SIGN_STYLE = Automatic;
				DEVELOPMENT_TEAM = 33B7932APH;
				INFOPLIST_FILE = UrlSession_Ex/Info.plist;
				LD_RUNPATH_SEARCH_PATHS = (
					"$(inherited)",
					"@executable_path/Frameworks",
				);
				PRODUCT_BUNDLE_IDENTIFIER = "com.karim.UrlSession-Ex";
				PRODUCT_NAME = "$(TARGET_NAME)";
				SWIFT_VERSION = 5.0;
				TARGETED_DEVICE_FAMILY = "1,2";
			};
			name = Debug;
		};
		8C87B699249ADC1200BD41CE /* Release */ = {
			isa = XCBuildConfiguration;
			buildSettings = {
				ASSETCATALOG_COMPILER_APPICON_NAME = AppIcon;
				CODE_SIGN_STYLE = Automatic;
				DEVELOPMENT_TEAM = 33B7932APH;
				INFOPLIST_FILE = UrlSession_Ex/Info.plist;
				LD_RUNPATH_SEARCH_PATHS = (
					"$(inherited)",
					"@executable_path/Frameworks",
				);
				PRODUCT_BUNDLE_IDENTIFIER = "com.karim.UrlSession-Ex";
				PRODUCT_NAME = "$(TARGET_NAME)";
				SWIFT_VERSION = 5.0;
				TARGETED_DEVICE_FAMILY = "1,2";
			};
			name = Release;
		};
/* End XCBuildConfiguration section */

/* Begin XCConfigurationList section */
		8C87B67E249ADC0F00BD41CE /* Build configuration list for PBXProject "UrlSession_Ex" */ = {
			isa = XCConfigurationList;
			buildConfigurations = (
				8C87B695249ADC1200BD41CE /* Debug */,
				8C87B696249ADC1200BD41CE /* Release */,
			);
			defaultConfigurationIsVisible = 0;
			defaultConfigurationName = Release;
		};
		8C87B697249ADC1200BD41CE /* Build configuration list for PBXNativeTarget "UrlSession_Ex" */ = {
			isa = XCConfigurationList;
			buildConfigurations = (
				8C87B698249ADC1200BD41CE /* Debug */,
				8C87B699249ADC1200BD41CE /* Release */,
			);
			defaultConfigurationIsVisible = 0;
			defaultConfigurationName = Release;
		};
/* End XCConfigurationList section */
	};
	rootObject = 8C87B67B249ADC0F00BD41CE /* Project object */;
}
